// !$*UTF8*$!
{
	archiveVersion = 1;
	classes = {
	};
	objectVersion = 46;
	objects = {

/* Begin PBXBuildFile section */
		80362714194784A800785CE1 /* AppDelegate.swift in Sources */ = {isa = PBXBuildFile; fileRef = 80362713194784A800785CE1 /* AppDelegate.swift */; };
		80362716194784A800785CE1 /* ViewController.swift in Sources */ = {isa = PBXBuildFile; fileRef = 80362715194784A800785CE1 /* ViewController.swift */; };
		80362719194784A800785CE1 /* Main.storyboard in Resources */ = {isa = PBXBuildFile; fileRef = 80362717194784A800785CE1 /* Main.storyboard */; };
		8036271B194784A800785CE1 /* Images.xcassets in Resources */ = {isa = PBXBuildFile; fileRef = 8036271A194784A800785CE1 /* Images.xcassets */; };
		80362727194784A800785CE1 /* ReactiveSwiftTests.swift in Sources */ = {isa = PBXBuildFile; fileRef = 80362726194784A800785CE1 /* ReactiveSwiftTests.swift */; };
/* End PBXBuildFile section */

/* Begin PBXContainerItemProxy section */
		80362721194784A800785CE1 /* PBXContainerItemProxy */ = {
			isa = PBXContainerItemProxy;
			containerPortal = 80362706194784A800785CE1 /* Project object */;
			proxyType = 1;
			remoteGlobalIDString = 8036270D194784A800785CE1;
			remoteInfo = ReactiveSwift;
		};
/* End PBXContainerItemProxy section */

/* Begin PBXFileReference section */
		8036270E194784A800785CE1 /* ReactiveSwift.app */ = {isa = PBXFileReference; explicitFileType = wrapper.application; includeInIndex = 0; path = ReactiveSwift.app; sourceTree = BUILT_PRODUCTS_DIR; };
		80362712194784A800785CE1 /* Info.plist */ = {isa = PBXFileReference; lastKnownFileType = text.plist.xml; path = Info.plist; sourceTree = "<group>"; };
		80362713194784A800785CE1 /* AppDelegate.swift */ = {isa = PBXFileReference; lastKnownFileType = sourcecode.swift; path = AppDelegate.swift; sourceTree = "<group>"; };
		80362715194784A800785CE1 /* ViewController.swift */ = {isa = PBXFileReference; lastKnownFileType = sourcecode.swift; path = ViewController.swift; sourceTree = "<group>"; };
		80362718194784A800785CE1 /* Base */ = {isa = PBXFileReference; lastKnownFileType = file.storyboard; name = Base; path = Base.lproj/Main.storyboard; sourceTree = "<group>"; };
		8036271A194784A800785CE1 /* Images.xcassets */ = {isa = PBXFileReference; lastKnownFileType = folder.assetcatalog; path = Images.xcassets; sourceTree = "<group>"; };
		80362720194784A800785CE1 /* ReactiveSwiftTests.xctest */ = {isa = PBXFileReference; explicitFileType = wrapper.cfbundle; includeInIndex = 0; path = ReactiveSwiftTests.xctest; sourceTree = BUILT_PRODUCTS_DIR; };
		80362725194784A800785CE1 /* Info.plist */ = {isa = PBXFileReference; lastKnownFileType = text.plist.xml; path = Info.plist; sourceTree = "<group>"; };
		80362726194784A800785CE1 /* ReactiveSwiftTests.swift */ = {isa = PBXFileReference; lastKnownFileType = sourcecode.swift; path = ReactiveSwiftTests.swift; sourceTree = "<group>"; };
/* End PBXFileReference section */

/* Begin PBXFrameworksBuildPhase section */
		8036270B194784A800785CE1 /* Frameworks */ = {
			isa = PBXFrameworksBuildPhase;
			buildActionMask = 2147483647;
			files = (
			);
			runOnlyForDeploymentPostprocessing = 0;
		};
		8036271D194784A800785CE1 /* Frameworks */ = {
			isa = PBXFrameworksBuildPhase;
			buildActionMask = 2147483647;
			files = (
			);
			runOnlyForDeploymentPostprocessing = 0;
		};
/* End PBXFrameworksBuildPhase section */

/* Begin PBXGroup section */
		80362705194784A800785CE1 = {
			isa = PBXGroup;
			children = (
				80362710194784A800785CE1 /* ReactiveSwift */,
				80362723194784A800785CE1 /* ReactiveSwiftTests */,
				8036270F194784A800785CE1 /* Products */,
			);
			sourceTree = "<group>";
		};
		8036270F194784A800785CE1 /* Products */ = {
			isa = PBXGroup;
			children = (
				8036270E194784A800785CE1 /* ReactiveSwift.app */,
				80362720194784A800785CE1 /* ReactiveSwiftTests.xctest */,
			);
			name = Products;
			sourceTree = "<group>";
		};
		80362710194784A800785CE1 /* ReactiveSwift */ = {
			isa = PBXGroup;
			children = (
				80362713194784A800785CE1 /* AppDelegate.swift */,
				80362715194784A800785CE1 /* ViewController.swift */,
				80362717194784A800785CE1 /* Main.storyboard */,
				8036271A194784A800785CE1 /* Images.xcassets */,
				80362711194784A800785CE1 /* Supporting Files */,
			);
			path = ReactiveSwift;
			sourceTree = "<group>";
		};
		80362711194784A800785CE1 /* Supporting Files */ = {
			isa = PBXGroup;
			children = (
				80362712194784A800785CE1 /* Info.plist */,
			);
			name = "Supporting Files";
			sourceTree = "<group>";
		};
		80362723194784A800785CE1 /* ReactiveSwiftTests */ = {
			isa = PBXGroup;
			children = (
				80362726194784A800785CE1 /* ReactiveSwiftTests.swift */,
				80362724194784A800785CE1 /* Supporting Files */,
			);
			path = ReactiveSwiftTests;
			sourceTree = "<group>";
		};
		80362724194784A800785CE1 /* Supporting Files */ = {
			isa = PBXGroup;
			children = (
				80362725194784A800785CE1 /* Info.plist */,
			);
			name = "Supporting Files";
			sourceTree = "<group>";
		};
/* End PBXGroup section */

/* Begin PBXNativeTarget section */
		8036270D194784A800785CE1 /* ReactiveSwift */ = {
			isa = PBXNativeTarget;
			buildConfigurationList = 8036272A194784A800785CE1 /* Build configuration list for PBXNativeTarget "ReactiveSwift" */;
			buildPhases = (
				8036270A194784A800785CE1 /* Sources */,
				8036270B194784A800785CE1 /* Frameworks */,
				8036270C194784A800785CE1 /* Resources */,
			);
			buildRules = (
			);
			dependencies = (
			);
			name = ReactiveSwift;
			productName = ReactiveSwift;
			productReference = 8036270E194784A800785CE1 /* ReactiveSwift.app */;
			productType = "com.apple.product-type.application";
		};
		8036271F194784A800785CE1 /* ReactiveSwiftTests */ = {
			isa = PBXNativeTarget;
			buildConfigurationList = 8036272D194784A800785CE1 /* Build configuration list for PBXNativeTarget "ReactiveSwiftTests" */;
			buildPhases = (
				8036271C194784A800785CE1 /* Sources */,
				8036271D194784A800785CE1 /* Frameworks */,
				8036271E194784A800785CE1 /* Resources */,
			);
			buildRules = (
			);
			dependencies = (
				80362722194784A800785CE1 /* PBXTargetDependency */,
			);
			name = ReactiveSwiftTests;
			productName = ReactiveSwiftTests;
			productReference = 80362720194784A800785CE1 /* ReactiveSwiftTests.xctest */;
			productType = "com.apple.product-type.bundle.unit-test";
		};
/* End PBXNativeTarget section */

/* Begin PBXProject section */
		80362706194784A800785CE1 /* Project object */ = {
			isa = PBXProject;
			attributes = {
				LastUpgradeCheck = 0600;
				ORGANIZATIONNAME = "Yusef Napora";
				TargetAttributes = {
					8036270D194784A800785CE1 = {
						CreatedOnToolsVersion = 6.0;
					};
					8036271F194784A800785CE1 = {
						CreatedOnToolsVersion = 6.0;
						TestTargetID = 8036270D194784A800785CE1;
					};
				};
			};
			buildConfigurationList = 80362709194784A800785CE1 /* Build configuration list for PBXProject "ReactiveSwift" */;
			compatibilityVersion = "Xcode 3.2";
			developmentRegion = English;
			hasScannedForEncodings = 0;
			knownRegions = (
				en,
				Base,
			);
			mainGroup = 80362705194784A800785CE1;
			productRefGroup = 8036270F194784A800785CE1 /* Products */;
			projectDirPath = "";
			projectRoot = "";
			targets = (
				8036270D194784A800785CE1 /* ReactiveSwift */,
				8036271F194784A800785CE1 /* ReactiveSwiftTests */,
			);
		};
/* End PBXProject section */

/* Begin PBXResourcesBuildPhase section */
		8036270C194784A800785CE1 /* Resources */ = {
			isa = PBXResourcesBuildPhase;
			buildActionMask = 2147483647;
			files = (
				80362719194784A800785CE1 /* Main.storyboard in Resources */,
				8036271B194784A800785CE1 /* Images.xcassets in Resources */,
			);
			runOnlyForDeploymentPostprocessing = 0;
		};
		8036271E194784A800785CE1 /* Resources */ = {
			isa = PBXResourcesBuildPhase;
			buildActionMask = 2147483647;
			files = (
			);
			runOnlyForDeploymentPostprocessing = 0;
		};
/* End PBXResourcesBuildPhase section */

/* Begin PBXSourcesBuildPhase section */
		8036270A194784A800785CE1 /* Sources */ = {
			isa = PBXSourcesBuildPhase;
			buildActionMask = 2147483647;
			files = (
				80362716194784A800785CE1 /* ViewController.swift in Sources */,
				80362714194784A800785CE1 /* AppDelegate.swift in Sources */,
			);
			runOnlyForDeploymentPostprocessing = 0;
		};
		8036271C194784A800785CE1 /* Sources */ = {
			isa = PBXSourcesBuildPhase;
			buildActionMask = 2147483647;
			files = (
				80362727194784A800785CE1 /* ReactiveSwiftTests.swift in Sources */,
			);
			runOnlyForDeploymentPostprocessing = 0;
		};
/* End PBXSourcesBuildPhase section */

/* Begin PBXTargetDependency section */
		80362722194784A800785CE1 /* PBXTargetDependency */ = {
			isa = PBXTargetDependency;
			target = 8036270D194784A800785CE1 /* ReactiveSwift */;
			targetProxy = 80362721194784A800785CE1 /* PBXContainerItemProxy */;
		};
/* End PBXTargetDependency section */

/* Begin PBXVariantGroup section */
		80362717194784A800785CE1 /* Main.storyboard */ = {
			isa = PBXVariantGroup;
			children = (
				80362718194784A800785CE1 /* Base */,
			);
			name = Main.storyboard;
			sourceTree = "<group>";
		};
/* End PBXVariantGroup section */

/* Begin XCBuildConfiguration section */
		80362728194784A800785CE1 /* Debug */ = {
			isa = XCBuildConfiguration;
			buildSettings = {
				ALWAYS_SEARCH_USER_PATHS = NO;
				CLANG_CXX_LANGUAGE_STANDARD = "gnu++0x";
				CLANG_CXX_LIBRARY = "libc++";
				CLANG_ENABLE_MODULES = YES;
				CLANG_ENABLE_OBJC_ARC = YES;
				CLANG_WARN_BOOL_CONVERSION = YES;
				CLANG_WARN_CONSTANT_CONVERSION = YES;
				CLANG_WARN_DIRECT_OBJC_ISA_USAGE = YES_ERROR;
				CLANG_WARN_EMPTY_BODY = YES;
				CLANG_WARN_ENUM_CONVERSION = YES;
				CLANG_WARN_INT_CONVERSION = YES;
				CLANG_WARN_OBJC_ROOT_CLASS = YES_ERROR;
				CLANG_WARN_UNREACHABLE_CODE = YES;
				CLANG_WARN__DUPLICATE_METHOD_MATCH = YES;
				"CODE_SIGN_IDENTITY[sdk=iphoneos*]" = "iPhone Developer";
				COPY_PHASE_STRIP = NO;
				ENABLE_STRICT_OBJC_MSGSEND = YES;
				GCC_C_LANGUAGE_STANDARD = gnu99;
				GCC_DYNAMIC_NO_PIC = NO;
				GCC_OPTIMIZATION_LEVEL = 0;
				GCC_PREPROCESSOR_DEFINITIONS = (
					"DEBUG=1",
					"$(inherited)",
				);
				GCC_SYMBOLS_PRIVATE_EXTERN = NO;
				GCC_WARN_64_TO_32_BIT_CONVERSION = YES;
				GCC_WARN_ABOUT_RETURN_TYPE = YES_ERROR;
				GCC_WARN_UNDECLARED_SELECTOR = YES;
				GCC_WARN_UNINITIALIZED_AUTOS = YES_AGGRESSIVE;
				GCC_WARN_UNUSED_FUNCTION = YES;
				GCC_WARN_UNUSED_VARIABLE = YES;
				IPHONEOS_DEPLOYMENT_TARGET = 8.0;
				METAL_ENABLE_DEBUG_INFO = YES;
				ONLY_ACTIVE_ARCH = YES;
				SDKROOT = iphoneos;
				SWIFT_OPTIMIZATION_LEVEL = "-Onone";
				TARGETED_DEVICE_FAMILY = 2;
			};
			name = Debug;
		};
		80362729194784A800785CE1 /* Release */ = {
			isa = XCBuildConfiguration;
			buildSettings = {
				ALWAYS_SEARCH_USER_PATHS = NO;
				CLANG_CXX_LANGUAGE_STANDARD = "gnu++0x";
				CLANG_CXX_LIBRARY = "libc++";
				CLANG_ENABLE_MODULES = YES;
				CLANG_ENABLE_OBJC_ARC = YES;
				CLANG_WARN_BOOL_CONVERSION = YES;
				CLANG_WARN_CONSTANT_CONVERSION = YES;
				CLANG_WARN_DIRECT_OBJC_ISA_USAGE = YES_ERROR;
				CLANG_WARN_EMPTY_BODY = YES;
				CLANG_WARN_ENUM_CONVERSION = YES;
				CLANG_WARN_INT_CONVERSION = YES;
				CLANG_WARN_OBJC_ROOT_CLASS = YES_ERROR;
				CLANG_WARN_UNREACHABLE_CODE = YES;
				CLANG_WARN__DUPLICATE_METHOD_MATCH = YES;
				"CODE_SIGN_IDENTITY[sdk=iphoneos*]" = "iPhone Developer";
				COPY_PHASE_STRIP = YES;
				ENABLE_NS_ASSERTIONS = NO;
				ENABLE_STRICT_OBJC_MSGSEND = YES;
				GCC_C_LANGUAGE_STANDARD = gnu99;
				GCC_WARN_64_TO_32_BIT_CONVERSION = YES;
				GCC_WARN_ABOUT_RETURN_TYPE = YES_ERROR;
				GCC_WARN_UNDECLARED_SELECTOR = YES;
				GCC_WARN_UNINITIALIZED_AUTOS = YES_AGGRESSIVE;
				GCC_WARN_UNUSED_FUNCTION = YES;
				GCC_WARN_UNUSED_VARIABLE = YES;
				IPHONEOS_DEPLOYMENT_TARGET = 8.0;
				METAL_ENABLE_DEBUG_INFO = NO;
				SDKROOT = iphoneos;
				TARGETED_DEVICE_FAMILY = 2;
				VALIDATE_PRODUCT = YES;
			};
			name = Release;
		};
		8036272B194784A800785CE1 /* Debug */ = {
			isa = XCBuildConfiguration;
			buildSettings = {
				ASSETCATALOG_COMPILER_APPICON_NAME = AppIcon;
				ASSETCATALOG_COMPILER_LAUNCHIMAGE_NAME = LaunchImage;
				INFOPLIST_FILE = ReactiveSwift/Info.plist;
				LD_RUNPATH_SEARCH_PATHS = "$(inherited) @executable_path/Frameworks";
				PRODUCT_NAME = "$(TARGET_NAME)";
			};
			name = Debug;
		};
		8036272C194784A800785CE1 /* Release */ = {
			isa = XCBuildConfiguration;
			buildSettings = {
				ASSETCATALOG_COMPILER_APPICON_NAME = AppIcon;
				ASSETCATALOG_COMPILER_LAUNCHIMAGE_NAME = LaunchImage;
				INFOPLIST_FILE = ReactiveSwift/Info.plist;
				LD_RUNPATH_SEARCH_PATHS = "$(inherited) @executable_path/Frameworks";
				PRODUCT_NAME = "$(TARGET_NAME)";
			};
			name = Release;
		};
		8036272E194784A800785CE1 /* Debug */ = {
			isa = XCBuildConfiguration;
			buildSettings = {
				BUNDLE_LOADER = "$(BUILT_PRODUCTS_DIR)/ReactiveSwift.app/ReactiveSwift";
				FRAMEWORK_SEARCH_PATHS = (
					"$(SDKROOT)/Developer/Library/Frameworks",
					"$(inherited)",
				);
				GCC_PREPROCESSOR_DEFINITIONS = (
					"DEBUG=1",
					"$(inherited)",
				);
				INFOPLIST_FILE = ReactiveSwiftTests/Info.plist;
				LD_RUNPATH_SEARCH_PATHS = "$(inherited) @executable_path/Frameworks @loader_path/Frameworks";
				METAL_ENABLE_DEBUG_INFO = YES;
				PRODUCT_NAME = "$(TARGET_NAME)";
				TEST_HOST = "$(BUNDLE_LOADER)";
			};
			name = Debug;
		};
		8036272F194784A800785CE1 /* Release */ = {
			isa = XCBuildConfiguration;
			buildSettings = {
				BUNDLE_LOADER = "$(BUILT_PRODUCTS_DIR)/ReactiveSwift.app/ReactiveSwift";
				FRAMEWORK_SEARCH_PATHS = (
					"$(SDKROOT)/Developer/Library/Frameworks",
					"$(inherited)",
				);
				INFOPLIST_FILE = ReactiveSwiftTests/Info.plist;
				LD_RUNPATH_SEARCH_PATHS = "$(inherited) @executable_path/Frameworks @loader_path/Frameworks";
				METAL_ENABLE_DEBUG_INFO = NO;
				PRODUCT_NAME = "$(TARGET_NAME)";
				TEST_HOST = "$(BUNDLE_LOADER)";
			};
			name = Release;
		};
/* End XCBuildConfiguration section */

/* Begin XCConfigurationList section */
		80362709194784A800785CE1 /* Build configuration list for PBXProject "ReactiveSwift" */ = {
			isa = XCConfigurationList;
			buildConfigurations = (
				80362728194784A800785CE1 /* Debug */,
				80362729194784A800785CE1 /* Release */,
			);
			defaultConfigurationIsVisible = 0;
			defaultConfigurationName = Release;
		};
		8036272A194784A800785CE1 /* Build configuration list for PBXNativeTarget "ReactiveSwift" */ = {
			isa = XCConfigurationList;
			buildConfigurations = (
				8036272B194784A800785CE1 /* Debug */,
				8036272C194784A800785CE1 /* Release */,
			);
			defaultConfigurationIsVisible = 0;
		};
		8036272D194784A800785CE1 /* Build configuration list for PBXNativeTarget "ReactiveSwiftTests" */ = {
			isa = XCConfigurationList;
			buildConfigurations = (
				8036272E194784A800785CE1 /* Debug */,
				8036272F194784A800785CE1 /* Release */,
			);
			defaultConfigurationIsVisible = 0;
		};
/* End XCConfigurationList section */
	};
	rootObject = 80362706194784A800785CE1 /* Project object */;
}
